
Microsoft Visual Studio Solution File, Format Version 12.00
# Visual Studio Version 17
VisualStudioVersion = 17.2.32630.192
MinimumVisualStudioVersion = 10.0.40219.1
Project("{FAE04EC0-301F-11D3-BF4B-00C04F79EFBC}") = "StudentCRUDProjectAPI", "StudentCRUDProjectAPI.csproj", "{4D027684-D58B-4790-B3D9-1F75596D1E21}"
EndProject
Global
	GlobalSection(SolutionConfigurationPlatforms) = preSolution
		Debug|Any CPU = Debug|Any CPU
		Release|Any CPU = Release|Any CPU
	EndGlobalSection
	GlobalSection(ProjectConfigurationPlatforms) = postSolution
		{4D027684-D58B-4790-B3D9-1F75596D1E21}.Debug|Any CPU.ActiveCfg = Debug|Any CPU
		{4D027684-D58B-4790-B3D9-1F75596D1E21}.Debug|Any CPU.Build.0 = Debug|Any CPU
		{4D027684-D58B-4790-B3D9-1F75596D1E21}.Release|Any CPU.ActiveCfg = Release|Any CPU
		{4D027684-D58B-4790-B3D9-1F75596D1E21}.Release|Any CPU.Build.0 = Release|Any CPU
	EndGlobalSection
	GlobalSection(SolutionProperties) = preSolution
		HideSolutionNode = FALSE
	EndGlobalSection
	GlobalSection(ExtensibilityGlobals) = postSolution
		SolutionGuid = {A27CA4B4-E2E9-4E2B-980E-9564F70CC525}
	EndGlobalSection
EndGlobal
